
Microsoft Visual Studio Solution File, Format Version 12.00
# Visual Studio Version 17
VisualStudioVersion = 17.8.34408.163
MinimumVisualStudioVersion = 10.0.40219.1
Project("{8BC9CEB8-8B4A-11D0-8D11-00A0C91BC942}") = "n-body-problem", "n-body-problem.vcxproj", "{BA6141DB-FB16-4D6D-9A8C-58EEA06D2FC6}"
EndProject
Global
	GlobalSection(SolutionConfigurationPlatforms) = preSolution
		Debug|x64 = Debug|x64
		Debug|x86 = Debug|x86
		Release_CUDA|x64 = Release_CUDA|x64
		Release_CUDA|x86 = Release_CUDA|x86
		Release_SIMD|x64 = Release_SIMD|x64
		Release_SIMD|x86 = Release_SIMD|x86
		Release|x64 = Release|x64
		Release|x86 = Release|x86
	EndGlobalSection
	GlobalSection(ProjectConfigurationPlatforms) = postSolution
		{BA6141DB-FB16-4D6D-9A8C-58EEA06D2FC6}.Debug|x64.ActiveCfg = Debug|x64
		{BA6141DB-FB16-4D6D-9A8C-58EEA06D2FC6}.Debug|x64.Build.0 = Debug|x64
		{BA6141DB-FB16-4D6D-9A8C-58EEA06D2FC6}.Debug|x86.ActiveCfg = Debug|Win32
		{BA6141DB-FB16-4D6D-9A8C-58EEA06D2FC6}.Debug|x86.Build.0 = Debug|Win32
		{BA6141DB-FB16-4D6D-9A8C-58EEA06D2FC6}.Release_CUDA|x64.ActiveCfg = Release_CUDA|x64
		{BA6141DB-FB16-4D6D-9A8C-58EEA06D2FC6}.Release_CUDA|x64.Build.0 = Release_CUDA|x64
		{BA6141DB-FB16-4D6D-9A8C-58EEA06D2FC6}.Release_CUDA|x86.ActiveCfg = Release_CUDA|Win32
		{BA6141DB-FB16-4D6D-9A8C-58EEA06D2FC6}.Release_CUDA|x86.Build.0 = Release_CUDA|Win32
		{BA6141DB-FB16-4D6D-9A8C-58EEA06D2FC6}.Release_SIMD|x64.ActiveCfg = Release_SIMD|x64
		{BA6141DB-FB16-4D6D-9A8C-58EEA06D2FC6}.Release_SIMD|x64.Build.0 = Release_SIMD|x64
		{BA6141DB-FB16-4D6D-9A8C-58EEA06D2FC6}.Release_SIMD|x86.ActiveCfg = Release_SIMD|Win32
		{BA6141DB-FB16-4D6D-9A8C-58EEA06D2FC6}.Release_SIMD|x86.Build.0 = Release_SIMD|Win32
		{BA6141DB-FB16-4D6D-9A8C-58EEA06D2FC6}.Release|x64.ActiveCfg = Release|x64
		{BA6141DB-FB16-4D6D-9A8C-58EEA06D2FC6}.Release|x64.Build.0 = Release|x64
		{BA6141DB-FB16-4D6D-9A8C-58EEA06D2FC6}.Release|x86.ActiveCfg = Release|Win32
		{BA6141DB-FB16-4D6D-9A8C-58EEA06D2FC6}.Release|x86.Build.0 = Release|Win32
	EndGlobalSection
	GlobalSection(SolutionProperties) = preSolution
		HideSolutionNode = FALSE
	EndGlobalSection
	GlobalSection(ExtensibilityGlobals) = postSolution
		SolutionGuid = {701C1610-C598-4467-9680-3EB70F5B8C54}
	EndGlobalSection
EndGlobal
